{
	"name": "dascript-plugin",
	"version": "0.0.8",
	"lockfileVersion": 2,
	"requires": true,
	"packages": {
		"": {
			"name": "dascript-plugin",
			"version": "0.0.8",
			"license": "MIT",
			"dependencies": {
				"vscode-languageclient": "^5.2.1"
			},
			"devDependencies": {
				"@types/vscode": "^1.44.0"
			},
			"engines": {
				"vscode": "^1.33.0"
			}
		},
		"node_modules/@types/vscode": {
			"version": "1.44.0",
			"resolved": "https://registry.npmjs.org/@types/vscode/-/vscode-1.44.0.tgz",
			"integrity": "sha512-WJZtZlinE3meRdH+I7wTsIhpz/GLhqEQwmPGeh4s1irWLwMzCeTV8WZ+pgPTwrDXoafVUWwo1LiZ9HJVHFlJSQ==",
			"dev": true
		},
		"node_modules/semver": {
			"version": "5.7.1",
			"resolved": "https://registry.npmjs.org/semver/-/semver-5.7.1.tgz",
			"integrity": "sha512-sauaDf/PZdVgrLTNYHRtpXa1iRiKcaebiKQ1BJdpQlWH2lCvexQdX55snPFyK7QzpudqbCI0qXFfOasHdyNDGQ==",
			"bin": {
				"semver": "bin/semver"
			}
		},
		"node_modules/vscode-jsonrpc": {
			"version": "4.0.0",
			"resolved": "https://registry.npmjs.org/vscode-jsonrpc/-/vscode-jsonrpc-4.0.0.tgz",
			"integrity": "sha512-perEnXQdQOJMTDFNv+UF3h1Y0z4iSiaN9jIlb0OqIYgosPCZGYh/MCUlkFtV2668PL69lRDO32hmvL2yiidUYg==",
			"engines": {
				"node": ">=8.0.0 || >=10.0.0"
			}
		},
		"node_modules/vscode-languageclient": {
			"version": "5.2.1",
			"resolved": "https://registry.npmjs.org/vscode-languageclient/-/vscode-languageclient-5.2.1.tgz",
			"integrity": "sha512-7jrS/9WnV0ruqPamN1nE7qCxn0phkH5LjSgSp9h6qoJGoeAKzwKz/PF6M+iGA/aklx4GLZg1prddhEPQtuXI1Q==",
			"dependencies": {
				"semver": "^5.5.0",
				"vscode-languageserver-protocol": "3.14.1"
			},
			"engines": {
				"vscode": "^1.30"
			}
		},
		"node_modules/vscode-languageserver-protocol": {
			"version": "3.14.1",
			"resolved": "https://registry.npmjs.org/vscode-languageserver-protocol/-/vscode-languageserver-protocol-3.14.1.tgz",
			"integrity": "sha512-IL66BLb2g20uIKog5Y2dQ0IiigW0XKrvmWiOvc0yXw80z3tMEzEnHjaGAb3ENuU7MnQqgnYJ1Cl2l9RvNgDi4g==",
			"dependencies": {
				"vscode-jsonrpc": "^4.0.0",
				"vscode-languageserver-types": "3.14.0"
			}
		},
		"node_modules/vscode-languageserver-types": {
			"version": "3.14.0",
			"resolved": "https://registry.npmjs.org/vscode-languageserver-types/-/vscode-languageserver-types-3.14.0.tgz",
			"integrity": "sha512-lTmS6AlAlMHOvPQemVwo3CezxBp0sNB95KNPkqp3Nxd5VFEnuG1ByM0zlRWos0zjO3ZWtkvhal0COgiV1xIA4A=="
		}
	},
	"dependencies": {
		"@types/vscode": {
			"version": "1.44.0",
			"resolved": "https://registry.npmjs.org/@types/vscode/-/vscode-1.44.0.tgz",
			"integrity": "sha512-WJZtZlinE3meRdH+I7wTsIhpz/GLhqEQwmPGeh4s1irWLwMzCeTV8WZ+pgPTwrDXoafVUWwo1LiZ9HJVHFlJSQ==",
			"dev": true
		},
		"semver": {
			"version": "5.7.1",
			"resolved": "https://registry.npmjs.org/semver/-/semver-5.7.1.tgz",
			"integrity": "sha512-sauaDf/PZdVgrLTNYHRtpXa1iRiKcaebiKQ1BJdpQlWH2lCvexQdX55snPFyK7QzpudqbCI0qXFfOasHdyNDGQ=="
		},
		"vscode-jsonrpc": {
			"version": "4.0.0",
			"resolved": "https://registry.npmjs.org/vscode-jsonrpc/-/vscode-jsonrpc-4.0.0.tgz",
			"integrity": "sha512-perEnXQdQOJMTDFNv+UF3h1Y0z4iSiaN9jIlb0OqIYgosPCZGYh/MCUlkFtV2668PL69lRDO32hmvL2yiidUYg=="
		},
		"vscode-languageclient": {
			"version": "5.2.1",
			"resolved": "https://registry.npmjs.org/vscode-languageclient/-/vscode-languageclient-5.2.1.tgz",
			"integrity": "sha512-7jrS/9WnV0ruqPamN1nE7qCxn0phkH5LjSgSp9h6qoJGoeAKzwKz/PF6M+iGA/aklx4GLZg1prddhEPQtuXI1Q==",
			"requires": {
				"semver": "^5.5.0",
				"vscode-languageserver-protocol": "3.14.1"
			}
		},
		"vscode-languageserver-protocol": {
			"version": "3.14.1",
			"resolved": "https://registry.npmjs.org/vscode-languageserver-protocol/-/vscode-languageserver-protocol-3.14.1.tgz",
			"integrity": "sha512-IL66BLb2g20uIKog5Y2dQ0IiigW0XKrvmWiOvc0yXw80z3tMEzEnHjaGAb3ENuU7MnQqgnYJ1Cl2l9RvNgDi4g==",
			"requires": {
				"vscode-jsonrpc": "^4.0.0",
				"vscode-languageserver-types": "3.14.0"
			}
		},
		"vscode-languageserver-types": {
			"version": "3.14.0",
			"resolved": "https://registry.npmjs.org/vscode-languageserver-types/-/vscode-languageserver-types-3.14.0.tgz",
			"integrity": "sha512-lTmS6AlAlMHOvPQemVwo3CezxBp0sNB95KNPkqp3Nxd5VFEnuG1ByM0zlRWos0zjO3ZWtkvhal0COgiV1xIA4A=="
		}
	}
}
